
Microsoft Visual Studio Solution File, Format Version 12.00
Project("{FAE04EC0-301F-11D3-BF4B-00C04F79EFBC}") = "WpfApp1", "WpfApp1\WpfApp1.csproj", "{396B1C31-8674-417B-8DD5-14E3DC12F00C}"
EndProject
Global
	GlobalSection(SolutionConfigurationPlatforms) = preSolution
		Debug|Any CPU = Debug|Any CPU
		Release|Any CPU = Release|Any CPU
	EndGlobalSection
	GlobalSection(ProjectConfigurationPlatforms) = postSolution
		{396B1C31-8674-417B-8DD5-14E3DC12F00C}.Debug|Any CPU.ActiveCfg = Debug|Any CPU
		{396B1C31-8674-417B-8DD5-14E3DC12F00C}.Debug|Any CPU.Build.0 = Debug|Any CPU
		{396B1C31-8674-417B-8DD5-14E3DC12F00C}.Release|Any CPU.ActiveCfg = Release|Any CPU
		{396B1C31-8674-417B-8DD5-14E3DC12F00C}.Release|Any CPU.Build.0 = Release|Any CPU
	EndGlobalSection
EndGlobal
